{
  "nodes": {
    "home-manager": {
      "inputs": {
        "nixpkgs": [
          "nixpkgs"
        ]
      },
      "locked": {
        "lastModified": 1748226808,
        "narHash": "sha256-GaBRgxjWO1bAQa8P2+FDxG4ANBVhjnSjBms096qQdxo=",
        "owner": "nix-community",
        "repo": "home-manager",
        "rev": "83665c39fa688bd6a1f7c43cf7997a70f6a109f9",
        "type": "github"
      },
      "original": {
        "owner": "nix-community",
        "ref": "release-25.05",
        "repo": "home-manager",
        "type": "github"
      }
    },
    "nixpkgs": {
      "locked": {
        "lastModified": 1748026580,
        "narHash": "sha256-rWtXrcIzU5wm/C8F9LWvUfBGu5U5E7cFzPYT1pHIJaQ=",
        "owner": "NixOS",
        "repo": "nixpkgs",
        "rev": "11cb3517b3af6af300dd6c055aeda73c9bf52c48",
        "type": "github"
      },
      "original": {
        "owner": "NixOS",
        "ref": "25.05",
        "repo": "nixpkgs",
        "type": "github"
      }
    },
    "nixpkgs-unstable": {
      "locked": {
        "lastModified": 1749794982,
        "narHash": "sha256-Kh9K4taXbVuaLC0IL+9HcfvxsSUx8dPB5s5weJcc9pc=",
        "owner": "NixOS",
        "repo": "nixpkgs",
        "rev": "ee930f9755f58096ac6e8ca94a1887e0534e2d81",
        "type": "github"
      },
      "original": {
        "owner": "NixOS",
        "ref": "nixos-unstable",
        "repo": "nixpkgs",
        "type": "github"
      }
    },
    "root": {
      "inputs": {
        "home-manager": "home-manager",
        "nixpkgs": "nixpkgs",
        "nixpkgs-unstable": "nixpkgs-unstable"
      }
    }
  },
  "root": "root",
  "version": 7
}
